
Microsoft Visual Studio Solution File, Format Version 12.00
# Visual Studio Version 17
VisualStudioVersion = 17.13.35818.85 d17.13
MinimumVisualStudioVersion = 10.0.40219.1
Project("{FAE04EC0-301F-11D3-BF4B-00C04F79EFBC}") = "CareerCanvas", "CareerCanvas\CareerCanvas.csproj", "{B64FD959-A97E-4B3A-B98B-8CE9B5625FFC}"
EndProject
Global
	GlobalSection(SolutionConfigurationPlatforms) = preSolution
		Debug|Any CPU = Debug|Any CPU
		Release|Any CPU = Release|Any CPU
	EndGlobalSection
	GlobalSection(ProjectConfigurationPlatforms) = postSolution
		{B64FD959-A97E-4B3A-B98B-8CE9B5625FFC}.Debug|Any CPU.ActiveCfg = Debug|Any CPU
		{B64FD959-A97E-4B3A-B98B-8CE9B5625FFC}.Debug|Any CPU.Build.0 = Debug|Any CPU
		{B64FD959-A97E-4B3A-B98B-8CE9B5625FFC}.Release|Any CPU.ActiveCfg = Release|Any CPU
		{B64FD959-A97E-4B3A-B98B-8CE9B5625FFC}.Release|Any CPU.Build.0 = Release|Any CPU
	EndGlobalSection
	GlobalSection(SolutionProperties) = preSolution
		HideSolutionNode = FALSE
	EndGlobalSection
	GlobalSection(ExtensibilityGlobals) = postSolution
		SolutionGuid = {8132CEB4-0E32-482C-B0B8-EE7ACBB84532}
	EndGlobalSection
EndGlobal
